// !$*UTF8*$!
{
	archiveVersion = 1;
	classes = {
	};
	objectVersion = 46;
	objects = {

/* Begin PBXBuildFile section */
		B582C2561CBD576F0082E1E6 /* AppDelegate.swift in Sources */ = {isa = PBXBuildFile; fileRef = B582C2551CBD576F0082E1E6 /* AppDelegate.swift */; };
		B582C2581CBD576F0082E1E6 /* ViewController.swift in Sources */ = {isa = PBXBuildFile; fileRef = B582C2571CBD576F0082E1E6 /* ViewController.swift */; };
		B582C25B1CBD576F0082E1E6 /* Main.storyboard in Resources */ = {isa = PBXBuildFile; fileRef = B582C2591CBD576F0082E1E6 /* Main.storyboard */; };
		B582C25D1CBD576F0082E1E6 /* Assets.xcassets in Resources */ = {isa = PBXBuildFile; fileRef = B582C25C1CBD576F0082E1E6 /* Assets.xcassets */; };
		B582C2601CBD576F0082E1E6 /* LaunchScreen.storyboard in Resources */ = {isa = PBXBuildFile; fileRef = B582C25E1CBD576F0082E1E6 /* LaunchScreen.storyboard */; };
		B582C26B1CBD576F0082E1E6 /* RandomlyTests.swift in Sources */ = {isa = PBXBuildFile; fileRef = B582C26A1CBD576F0082E1E6 /* RandomlyTests.swift */; };
/* End PBXBuildFile section */

/* Begin PBXContainerItemProxy section */
		B582C2671CBD576F0082E1E6 /* PBXContainerItemProxy */ = {
			isa = PBXContainerItemProxy;
			containerPortal = B582C24A1CBD576F0082E1E6 /* Project object */;
			proxyType = 1;
			remoteGlobalIDString = B582C2511CBD576F0082E1E6;
			remoteInfo = Randomly;
		};
/* End PBXContainerItemProxy section */

/* Begin PBXFileReference section */
		B582C2521CBD576F0082E1E6 /* Randomly.app */ = {isa = PBXFileReference; explicitFileType = wrapper.application; includeInIndex = 0; path = Randomly.app; sourceTree = BUILT_PRODUCTS_DIR; };
		B582C2551CBD576F0082E1E6 /* AppDelegate.swift */ = {isa = PBXFileReference; lastKnownFileType = sourcecode.swift; path = AppDelegate.swift; sourceTree = "<group>"; };
		B582C2571CBD576F0082E1E6 /* ViewController.swift */ = {isa = PBXFileReference; lastKnownFileType = sourcecode.swift; path = ViewController.swift; sourceTree = "<group>"; };
		B582C25A1CBD576F0082E1E6 /* Base */ = {isa = PBXFileReference; lastKnownFileType = file.storyboard; name = Base; path = Base.lproj/Main.storyboard; sourceTree = "<group>"; };
		B582C25C1CBD576F0082E1E6 /* Assets.xcassets */ = {isa = PBXFileReference; lastKnownFileType = folder.assetcatalog; path = Assets.xcassets; sourceTree = "<group>"; };
		B582C25F1CBD576F0082E1E6 /* Base */ = {isa = PBXFileReference; lastKnownFileType = file.storyboard; name = Base; path = Base.lproj/LaunchScreen.storyboard; sourceTree = "<group>"; };
		B582C2611CBD576F0082E1E6 /* Info.plist */ = {isa = PBXFileReference; lastKnownFileType = text.plist.xml; path = Info.plist; sourceTree = "<group>"; };
		B582C2661CBD576F0082E1E6 /* RandomlyTests.xctest */ = {isa = PBXFileReference; explicitFileType = wrapper.cfbundle; includeInIndex = 0; path = RandomlyTests.xctest; sourceTree = BUILT_PRODUCTS_DIR; };
		B582C26A1CBD576F0082E1E6 /* RandomlyTests.swift */ = {isa = PBXFileReference; lastKnownFileType = sourcecode.swift; path = RandomlyTests.swift; sourceTree = "<group>"; };
		B582C26C1CBD576F0082E1E6 /* Info.plist */ = {isa = PBXFileReference; lastKnownFileType = text.plist.xml; path = Info.plist; sourceTree = "<group>"; };
/* End PBXFileReference section */

/* Begin PBXFrameworksBuildPhase section */
		B582C24F1CBD576F0082E1E6 /* Frameworks */ = {
			isa = PBXFrameworksBuildPhase;
			buildActionMask = 2147483647;
			files = (
			);
			runOnlyForDeploymentPostprocessing = 0;
		};
		B582C2631CBD576F0082E1E6 /* Frameworks */ = {
			isa = PBXFrameworksBuildPhase;
			buildActionMask = 2147483647;
			files = (
			);
			runOnlyForDeploymentPostprocessing = 0;
		};
/* End PBXFrameworksBuildPhase section */

/* Begin PBXGroup section */
		B582C2491CBD576F0082E1E6 = {
			isa = PBXGroup;
			children = (
				B582C2541CBD576F0082E1E6 /* Randomly */,
				B582C2691CBD576F0082E1E6 /* RandomlyTests */,
				B582C2531CBD576F0082E1E6 /* Products */,
			);
			sourceTree = "<group>";
		};
		B582C2531CBD576F0082E1E6 /* Products */ = {
			isa = PBXGroup;
			children = (
				B582C2521CBD576F0082E1E6 /* Randomly.app */,
				B582C2661CBD576F0082E1E6 /* RandomlyTests.xctest */,
			);
			name = Products;
			sourceTree = "<group>";
		};
		B582C2541CBD576F0082E1E6 /* Randomly */ = {
			isa = PBXGroup;
			children = (
				B582C2551CBD576F0082E1E6 /* AppDelegate.swift */,
				B582C2571CBD576F0082E1E6 /* ViewController.swift */,
				B582C2591CBD576F0082E1E6 /* Main.storyboard */,
				B582C25C1CBD576F0082E1E6 /* Assets.xcassets */,
				B582C25E1CBD576F0082E1E6 /* LaunchScreen.storyboard */,
				B582C2611CBD576F0082E1E6 /* Info.plist */,
			);
			path = Randomly;
			sourceTree = "<group>";
		};
		B582C2691CBD576F0082E1E6 /* RandomlyTests */ = {
			isa = PBXGroup;
			children = (
				B582C26A1CBD576F0082E1E6 /* RandomlyTests.swift */,
				B582C26C1CBD576F0082E1E6 /* Info.plist */,
			);
			path = RandomlyTests;
			sourceTree = "<group>";
		};
/* End PBXGroup section */

/* Begin PBXNativeTarget section */
		B582C2511CBD576F0082E1E6 /* Randomly */ = {
			isa = PBXNativeTarget;
			buildConfigurationList = B582C26F1CBD576F0082E1E6 /* Build configuration list for PBXNativeTarget "Randomly" */;
			buildPhases = (
				B582C24E1CBD576F0082E1E6 /* Sources */,
				B582C24F1CBD576F0082E1E6 /* Frameworks */,
				B582C2501CBD576F0082E1E6 /* Resources */,
			);
			buildRules = (
			);
			dependencies = (
			);
			name = Randomly;
			productName = Randomly;
			productReference = B582C2521CBD576F0082E1E6 /* Randomly.app */;
			productType = "com.apple.product-type.application";
		};
		B582C2651CBD576F0082E1E6 /* RandomlyTests */ = {
			isa = PBXNativeTarget;
			buildConfigurationList = B582C2721CBD576F0082E1E6 /* Build configuration list for PBXNativeTarget "RandomlyTests" */;
			buildPhases = (
				B582C2621CBD576F0082E1E6 /* Sources */,
				B582C2631CBD576F0082E1E6 /* Frameworks */,
				B582C2641CBD576F0082E1E6 /* Resources */,
			);
			buildRules = (
			);
			dependencies = (
				B582C2681CBD576F0082E1E6 /* PBXTargetDependency */,
			);
			name = RandomlyTests;
			productName = RandomlyTests;
			productReference = B582C2661CBD576F0082E1E6 /* RandomlyTests.xctest */;
			productType = "com.apple.product-type.bundle.unit-test";
		};
/* End PBXNativeTarget section */

/* Begin PBXProject section */
		B582C24A1CBD576F0082E1E6 /* Project object */ = {
			isa = PBXProject;
			attributes = {
				LastSwiftUpdateCheck = 0720;
				LastUpgradeCheck = 0720;
				ORGANIZATIONNAME = YuChunzi;
				TargetAttributes = {
					B582C2511CBD576F0082E1E6 = {
						CreatedOnToolsVersion = 7.2;
						DevelopmentTeam = L75PSEVBXK;
					};
					B582C2651CBD576F0082E1E6 = {
						CreatedOnToolsVersion = 7.2;
						TestTargetID = B582C2511CBD576F0082E1E6;
					};
				};
			};
			buildConfigurationList = B582C24D1CBD576F0082E1E6 /* Build configuration list for PBXProject "Randomly" */;
			compatibilityVersion = "Xcode 3.2";
			developmentRegion = English;
			hasScannedForEncodings = 0;
			knownRegions = (
				en,
				Base,
			);
			mainGroup = B582C2491CBD576F0082E1E6;
			productRefGroup = B582C2531CBD576F0082E1E6 /* Products */;
			projectDirPath = "";
			projectRoot = "";
			targets = (
				B582C2511CBD576F0082E1E6 /* Randomly */,
				B582C2651CBD576F0082E1E6 /* RandomlyTests */,
			);
		};
/* End PBXProject section */

/* Begin PBXResourcesBuildPhase section */
		B582C2501CBD576F0082E1E6 /* Resources */ = {
			isa = PBXResourcesBuildPhase;
			buildActionMask = 2147483647;
			files = (
				B582C2601CBD576F0082E1E6 /* LaunchScreen.storyboard in Resources */,
				B582C25D1CBD576F0082E1E6 /* Assets.xcassets in Resources */,
				B582C25B1CBD576F0082E1E6 /* Main.storyboard in Resources */,
			);
			runOnlyForDeploymentPostprocessing = 0;
		};
		B582C2641CBD576F0082E1E6 /* Resources */ = {
			isa = PBXResourcesBuildPhase;
			buildActionMask = 2147483647;
			files = (
			);
			runOnlyForDeploymentPostprocessing = 0;
		};
/* End PBXResourcesBuildPhase section */

/* Begin PBXSourcesBuildPhase section */
		B582C24E1CBD576F0082E1E6 /* Sources */ = {
			isa = PBXSourcesBuildPhase;
			buildActionMask = 2147483647;
			files = (
				B582C2581CBD576F0082E1E6 /* ViewController.swift in Sources */,
				B582C2561CBD576F0082E1E6 /* AppDelegate.swift in Sources */,
			);
			runOnlyForDeploymentPostprocessing = 0;
		};
		B582C2621CBD576F0082E1E6 /* Sources */ = {
			isa = PBXSourcesBuildPhase;
			buildActionMask = 2147483647;
			files = (
				B582C26B1CBD576F0082E1E6 /* RandomlyTests.swift in Sources */,
			);
			runOnlyForDeploymentPostprocessing = 0;
		};
/* End PBXSourcesBuildPhase section */

/* Begin PBXTargetDependency section */
		B582C2681CBD576F0082E1E6 /* PBXTargetDependency */ = {
			isa = PBXTargetDependency;
			target = B582C2511CBD576F0082E1E6 /* Randomly */;
			targetProxy = B582C2671CBD576F0082E1E6 /* PBXContainerItemProxy */;
		};
/* End PBXTargetDependency section */

/* Begin PBXVariantGroup section */
		B582C2591CBD576F0082E1E6 /* Main.storyboard */ = {
			isa = PBXVariantGroup;
			children = (
				B582C25A1CBD576F0082E1E6 /* Base */,
			);
			name = Main.storyboard;
			sourceTree = "<group>";
		};
		B582C25E1CBD576F0082E1E6 /* LaunchScreen.storyboard */ = {
			isa = PBXVariantGroup;
			children = (
				B582C25F1CBD576F0082E1E6 /* Base */,
			);
			name = LaunchScreen.storyboard;
			sourceTree = "<group>";
		};
/* End PBXVariantGroup section */

/* Begin XCBuildConfiguration section */
		B582C26D1CBD576F0082E1E6 /* Debug */ = {
			isa = XCBuildConfiguration;
			buildSettings = {
				ALWAYS_SEARCH_USER_PATHS = NO;
				CLANG_CXX_LANGUAGE_STANDARD = "gnu++0x";
				CLANG_CXX_LIBRARY = "libc++";
				CLANG_ENABLE_MODULES = YES;
				CLANG_ENABLE_OBJC_ARC = YES;
				CLANG_WARN_BOOL_CONVERSION = YES;
				CLANG_WARN_CONSTANT_CONVERSION = YES;
				CLANG_WARN_DIRECT_OBJC_ISA_USAGE = YES_ERROR;
				CLANG_WARN_EMPTY_BODY = YES;
				CLANG_WARN_ENUM_CONVERSION = YES;
				CLANG_WARN_INT_CONVERSION = YES;
				CLANG_WARN_OBJC_ROOT_CLASS = YES_ERROR;
				CLANG_WARN_UNREACHABLE_CODE = YES;
				CLANG_WARN__DUPLICATE_METHOD_MATCH = YES;
				"CODE_SIGN_IDENTITY[sdk=iphoneos*]" = "iPhone Developer";
				COPY_PHASE_STRIP = NO;
				DEBUG_INFORMATION_FORMAT = dwarf;
				ENABLE_STRICT_OBJC_MSGSEND = YES;
				ENABLE_TESTABILITY = YES;
				GCC_C_LANGUAGE_STANDARD = gnu99;
				GCC_DYNAMIC_NO_PIC = NO;
				GCC_NO_COMMON_BLOCKS = YES;
				GCC_OPTIMIZATION_LEVEL = 0;
				GCC_PREPROCESSOR_DEFINITIONS = (
					"DEBUG=1",
					"$(inherited)",
				);
				GCC_WARN_64_TO_32_BIT_CONVERSION = YES;
				GCC_WARN_ABOUT_RETURN_TYPE = YES_ERROR;
				GCC_WARN_UNDECLARED_SELECTOR = YES;
				GCC_WARN_UNINITIALIZED_AUTOS = YES_AGGRESSIVE;
				GCC_WARN_UNUSED_FUNCTION = YES;
				GCC_WARN_UNUSED_VARIABLE = YES;
				IPHONEOS_DEPLOYMENT_TARGET = 9.2;
				MTL_ENABLE_DEBUG_INFO = YES;
				ONLY_ACTIVE_ARCH = YES;
				SDKROOT = iphoneos;
				SWIFT_OPTIMIZATION_LEVEL = "-Onone";
				TARGETED_DEVICE_FAMILY = "1,2";
			};
			name = Debug;
		};
		B582C26E1CBD576F0082E1E6 /* Release */ = {
			isa = XCBuildConfiguration;
			buildSettings = {
				ALWAYS_SEARCH_USER_PATHS = NO;
				CLANG_CXX_LANGUAGE_STANDARD = "gnu++0x";
				CLANG_CXX_LIBRARY = "libc++";
				CLANG_ENABLE_MODULES = YES;
				CLANG_ENABLE_OBJC_ARC = YES;
				CLANG_WARN_BOOL_CONVERSION = YES;
				CLANG_WARN_CONSTANT_CONVERSION = YES;
				CLANG_WARN_DIRECT_OBJC_ISA_USAGE = YES_ERROR;
				CLANG_WARN_EMPTY_BODY = YES;
				CLANG_WARN_ENUM_CONVERSION = YES;
				CLANG_WARN_INT_CONVERSION = YES;
				CLANG_WARN_OBJC_ROOT_CLASS = YES_ERROR;
				CLANG_WARN_UNREACHABLE_CODE = YES;
				CLANG_WARN__DUPLICATE_METHOD_MATCH = YES;
				"CODE_SIGN_IDENTITY[sdk=iphoneos*]" = "iPhone Developer";
				COPY_PHASE_STRIP = NO;
				DEBUG_INFORMATION_FORMAT = "dwarf-with-dsym";
				ENABLE_NS_ASSERTIONS = NO;
				ENABLE_STRICT_OBJC_MSGSEND = YES;
				GCC_C_LANGUAGE_STANDARD = gnu99;
				GCC_NO_COMMON_BLOCKS = YES;
				GCC_WARN_64_TO_32_BIT_CONVERSION = YES;
				GCC_WARN_ABOUT_RETURN_TYPE = YES_ERROR;
				GCC_WARN_UNDECLARED_SELECTOR = YES;
				GCC_WARN_UNINITIALIZED_AUTOS = YES_AGGRESSIVE;
				GCC_WARN_UNUSED_FUNCTION = YES;
				GCC_WARN_UNUSED_VARIABLE = YES;
				IPHONEOS_DEPLOYMENT_TARGET = 9.2;
				MTL_ENABLE_DEBUG_INFO = NO;
				SDKROOT = iphoneos;
				TARGETED_DEVICE_FAMILY = "1,2";
				VALIDATE_PRODUCT = YES;
			};
			name = Release;
		};
		B582C2701CBD576F0082E1E6 /* Debug */ = {
			isa = XCBuildConfiguration;
			buildSettings = {
				ASSETCATALOG_COMPILER_APPICON_NAME = AppIcon;
				CODE_SIGN_IDENTITY = "iPhone Developer";
				"CODE_SIGN_IDENTITY[sdk=iphoneos*]" = "iPhone Developer";
				INFOPLIST_FILE = Randomly/Info.plist;
				IPHONEOS_DEPLOYMENT_TARGET = 9.3;
				LD_RUNPATH_SEARCH_PATHS = "$(inherited) @executable_path/Frameworks";
				PRODUCT_BUNDLE_IDENTIFIER = maomao.club.Randomly;
				PRODUCT_NAME = "$(TARGET_NAME)";
				PROVISIONING_PROFILE = "";
			};
			name = Debug;
		};
		B582C2711CBD576F0082E1E6 /* Release */ = {
			isa = XCBuildConfiguration;
			buildSettings = {
				ASSETCATALOG_COMPILER_APPICON_NAME = AppIcon;
				CODE_SIGN_IDENTITY = "iPhone Developer";
				"CODE_SIGN_IDENTITY[sdk=iphoneos*]" = "iPhone Developer";
				INFOPLIST_FILE = Randomly/Info.plist;
				IPHONEOS_DEPLOYMENT_TARGET = 9.3;
				LD_RUNPATH_SEARCH_PATHS = "$(inherited) @executable_path/Frameworks";
				PRODUCT_BUNDLE_IDENTIFIER = maomao.club.Randomly;
				PRODUCT_NAME = "$(TARGET_NAME)";
				PROVISIONING_PROFILE = "";
			};
			name = Release;
		};
		B582C2731CBD576F0082E1E6 /* Debug */ = {
			isa = XCBuildConfiguration;
			buildSettings = {
				BUNDLE_LOADER = "$(TEST_HOST)";
				INFOPLIST_FILE = RandomlyTests/Info.plist;
				LD_RUNPATH_SEARCH_PATHS = "$(inherited) @executable_path/Frameworks @loader_path/Frameworks";
				PRODUCT_BUNDLE_IDENTIFIER = maomao.club.RandomlyTests;
				PRODUCT_NAME = "$(TARGET_NAME)";
				TEST_HOST = "$(BUILT_PRODUCTS_DIR)/Randomly.app/Randomly";
			};
			name = Debug;
		};
		B582C2741CBD576F0082E1E6 /* Release */ = {
			isa = XCBuildConfiguration;
			buildSettings = {
				BUNDLE_LOADER = "$(TEST_HOST)";
				INFOPLIST_FILE = RandomlyTests/Info.plist;
				LD_RUNPATH_SEARCH_PATHS = "$(inherited) @executable_path/Frameworks @loader_path/Frameworks";
				PRODUCT_BUNDLE_IDENTIFIER = maomao.club.RandomlyTests;
				PRODUCT_NAME = "$(TARGET_NAME)";
				TEST_HOST = "$(BUILT_PRODUCTS_DIR)/Randomly.app/Randomly";
			};
			name = Release;
		};
/* End XCBuildConfiguration section */

/* Begin XCConfigurationList section */
		B582C24D1CBD576F0082E1E6 /* Build configuration list for PBXProject "Randomly" */ = {
			isa = XCConfigurationList;
			buildConfigurations = (
				B582C26D1CBD576F0082E1E6 /* Debug */,
				B582C26E1CBD576F0082E1E6 /* Release */,
			);
			defaultConfigurationIsVisible = 0;
			defaultConfigurationName = Release;
		};
		B582C26F1CBD576F0082E1E6 /* Build configuration list for PBXNativeTarget "Randomly" */ = {
			isa = XCConfigurationList;
			buildConfigurations = (
				B582C2701CBD576F0082E1E6 /* Debug */,
				B582C2711CBD576F0082E1E6 /* Release */,
			);
			defaultConfigurationIsVisible = 0;
			defaultConfigurationName = Release;
		};
		B582C2721CBD576F0082E1E6 /* Build configuration list for PBXNativeTarget "RandomlyTests" */ = {
			isa = XCConfigurationList;
			buildConfigurations = (
				B582C2731CBD576F0082E1E6 /* Debug */,
				B582C2741CBD576F0082E1E6 /* Release */,
			);
			defaultConfigurationIsVisible = 0;
			defaultConfigurationName = Release;
		};
/* End XCConfigurationList section */
	};
	rootObject = B582C24A1CBD576F0082E1E6 /* Project object */;
}
